
Microsoft Visual Studio Solution File, Format Version 12.00
# Visual Studio Version 17
VisualStudioVersion = 17.3.32929.385
MinimumVisualStudioVersion = 10.0.40219.1
Project("{FAE04EC0-301F-11D3-BF4B-00C04F79EFBC}") = "CursoWindowsForms", "CursoWindowsForms\CursoWindowsForms.csproj", "{56F86178-26C3-402E-8205-B6F76E0ED04B}"
EndProject
Project("{FAE04EC0-301F-11D3-BF4B-00C04F79EFBC}") = "CursoWindowsFormsLibrary", "CursoWindowsFormsLibrary\CursoWindowsFormsLibrary.csproj", "{D7DE92DD-063F-4980-AEEC-2CADCD765002}"
EndProject
Global
	GlobalSection(SolutionConfigurationPlatforms) = preSolution
		Debug|Any CPU = Debug|Any CPU
		Release|Any CPU = Release|Any CPU
	EndGlobalSection
	GlobalSection(ProjectConfigurationPlatforms) = postSolution
		{56F86178-26C3-402E-8205-B6F76E0ED04B}.Debug|Any CPU.ActiveCfg = Debug|Any CPU
		{56F86178-26C3-402E-8205-B6F76E0ED04B}.Debug|Any CPU.Build.0 = Debug|Any CPU
		{56F86178-26C3-402E-8205-B6F76E0ED04B}.Release|Any CPU.ActiveCfg = Release|Any CPU
		{56F86178-26C3-402E-8205-B6F76E0ED04B}.Release|Any CPU.Build.0 = Release|Any CPU
		{D7DE92DD-063F-4980-AEEC-2CADCD765002}.Debug|Any CPU.ActiveCfg = Debug|Any CPU
		{D7DE92DD-063F-4980-AEEC-2CADCD765002}.Debug|Any CPU.Build.0 = Debug|Any CPU
		{D7DE92DD-063F-4980-AEEC-2CADCD765002}.Release|Any CPU.ActiveCfg = Release|Any CPU
		{D7DE92DD-063F-4980-AEEC-2CADCD765002}.Release|Any CPU.Build.0 = Release|Any CPU
	EndGlobalSection
	GlobalSection(SolutionProperties) = preSolution
		HideSolutionNode = FALSE
	EndGlobalSection
	GlobalSection(ExtensibilityGlobals) = postSolution
		SolutionGuid = {8D2B978D-DF11-4BF4-9B54-C43114F7C1C5}
	EndGlobalSection
EndGlobal
